{
  "version": "2",
  "remote": {
    "https://cdn.skypack.dev/-/date-fns@v2.29.3-0RSog6bigd3QCHssXhzG/dist=es2019,mode=imports/optimized/date-fns.js": "76c388491eb66a125296045d14baf2569c5bff73fbb742ecace8362426f027ae",
    "https://cdn.skypack.dev/-/graphql-tag@v2.10.1-qKJKOed0ocxxVatKfzji/dist=es2019,mode=imports/optimized/graphql-tag.js": "7eebd23133fb120eadd53640787598dfd11dca50c6d4efc7112aed7dd1058837",
    "https://cdn.skypack.dev/-/graphql@v14.7.0-jfL3YIJADVXf4xvcyNew/dist=es2019,mode=imports/unoptimized/error/GraphQLError.js": "436eb47d96d85ddbc044a297c108ca48b823fb5dd8b7c70b9bf40a5ea6786b30",
    "https://cdn.skypack.dev/-/graphql@v14.7.0-jfL3YIJADVXf4xvcyNew/dist=es2019,mode=imports/unoptimized/error/syntaxError.js": "d4ddfbf75794b31c1c10986299b51a89a1de3d5dc1a957a5d0021b0ea6865a4f",
    "https://cdn.skypack.dev/-/graphql@v14.7.0-jfL3YIJADVXf4xvcyNew/dist=es2019,mode=imports/unoptimized/jsutils/defineToJSON.js": "8363b60d0bdd0608e08a083d88a41a467e04e0f119dfe96efa9d0157cda2a9d6",
    "https://cdn.skypack.dev/-/graphql@v14.7.0-jfL3YIJADVXf4xvcyNew/dist=es2019,mode=imports/unoptimized/jsutils/defineToStringTag.js": "7af1c4967f6f967fbc5c8773a6acaf27646559f4e992347e95e64c8f07c7706f",
    "https://cdn.skypack.dev/-/graphql@v14.7.0-jfL3YIJADVXf4xvcyNew/dist=es2019,mode=imports/unoptimized/jsutils/devAssert.js": "7d14f848daa11bc56c1635e1fde71595b15d8171c17f880f8026e1bbd812f167",
    "https://cdn.skypack.dev/-/graphql@v14.7.0-jfL3YIJADVXf4xvcyNew/dist=es2019,mode=imports/unoptimized/jsutils/inspect.js": "51e78b8a3b43604eb1deca2c78a31741882328b9daf37473dff0a135b142a02c",
    "https://cdn.skypack.dev/-/graphql@v14.7.0-jfL3YIJADVXf4xvcyNew/dist=es2019,mode=imports/unoptimized/jsutils/isObjectLike.js": "8b821b823b12c56d6cc3cc7d0124980c2f1469f6637b0b66a9888a94a58671ed",
    "https://cdn.skypack.dev/-/graphql@v14.7.0-jfL3YIJADVXf4xvcyNew/dist=es2019,mode=imports/unoptimized/jsutils/nodejsCustomInspectSymbol.js": "34006235f10a02fa58b35d987756510c9e71043a2e00d40ea90eb712b77ee4ff",
    "https://cdn.skypack.dev/-/graphql@v14.7.0-jfL3YIJADVXf4xvcyNew/dist=es2019,mode=imports/unoptimized/language/blockString.js": "2e7d93302e978e3e5c1f1928d7aa548ee419e2c2a126931eb08b6fb4f97bfefb",
    "https://cdn.skypack.dev/-/graphql@v14.7.0-jfL3YIJADVXf4xvcyNew/dist=es2019,mode=imports/unoptimized/language/directiveLocation.js": "ea97c71d58025c1afe46e1ab9e207d716a75cf3eb3ceaeaaef514e9729134811",
    "https://cdn.skypack.dev/-/graphql@v14.7.0-jfL3YIJADVXf4xvcyNew/dist=es2019,mode=imports/unoptimized/language/kinds.js": "23c9dadf90865995b94b2731479b3cc5569732d3a3584c77b69eb6f583aafcd8",
    "https://cdn.skypack.dev/-/graphql@v14.7.0-jfL3YIJADVXf4xvcyNew/dist=es2019,mode=imports/unoptimized/language/lexer.js": "f9be4d6a82f2005bdec1697d8d46ed5002949a734528a458b172b0d66d3beb17",
    "https://cdn.skypack.dev/-/graphql@v14.7.0-jfL3YIJADVXf4xvcyNew/dist=es2019,mode=imports/unoptimized/language/location.js": "1d261eabb2821fec18102530bfa2b255ff88e914fd3e7f59923b5d55ba5ad0d9",
    "https://cdn.skypack.dev/-/graphql@v14.7.0-jfL3YIJADVXf4xvcyNew/dist=es2019,mode=imports/unoptimized/language/parser.js": "461cf6d095fa7011ac43ef99b35c0f5146b828289730eccd7cb4c8b38c3fcd97",
    "https://cdn.skypack.dev/-/graphql@v14.7.0-jfL3YIJADVXf4xvcyNew/dist=es2019,mode=imports/unoptimized/language/printLocation.js": "6242c3e9bf0961c8312178725ca2b9b5045be79b25508f1ae34f09bb58429d60",
    "https://cdn.skypack.dev/-/graphql@v14.7.0-jfL3YIJADVXf4xvcyNew/dist=es2019,mode=imports/unoptimized/language/source.js": "836e49c66795f335662e004b2d842e3a172b21236394ea4497782afaf4c9c5b6",
    "https://cdn.skypack.dev/-/graphql@v14.7.0-jfL3YIJADVXf4xvcyNew/dist=es2019,mode=imports/unoptimized/language/tokenKind.js": "15ec0c5eeb80f081293ef9996bcab9f8ea81155c7cdf7a1f2e0590b52f9fb816",
    "https://cdn.skypack.dev/date-fns@^2.29.2": "182208ebcfd101338f365571cd1d3dd90cab04ff66b14c2253234afb7b26f91f",
    "https://cdn.skypack.dev/graphql-tag@2.10.1": "cd023dde50591f6a1b3e15a0f923daa4981b08a4a2537e20efb515be8f0bae31",
    "https://deno.land/std@0.184.0/_util/asserts.ts": "178dfc49a464aee693a7e285567b3d0b555dc805ff490505a8aae34f9cfb1462",
    "https://deno.land/std@0.184.0/_util/os.ts": "d932f56d41e4f6a6093d56044e29ce637f8dcc43c5a90af43504a889cf1775e3",
    "https://deno.land/std@0.184.0/path/_constants.ts": "e49961f6f4f48039c0dfed3c3f93e963ca3d92791c9d478ac5b43183413136e0",
    "https://deno.land/std@0.184.0/path/_interface.ts": "6471159dfbbc357e03882c2266d21ef9afdb1e4aa771b0545e90db58a0ba314b",
    "https://deno.land/std@0.184.0/path/_util.ts": "d7abb1e0dea065f427b89156e28cdeb32b045870acdf865833ba808a73b576d0",
    "https://deno.land/std@0.184.0/path/common.ts": "ee7505ab01fd22de3963b64e46cff31f40de34f9f8de1fff6a1bd2fe79380000",
    "https://deno.land/std@0.184.0/path/glob.ts": "d479e0a695621c94d3fd7fe7abd4f9499caf32a8de13f25073451c6ef420a4e1",
    "https://deno.land/std@0.184.0/path/mod.ts": "bf718f19a4fdd545aee1b06409ca0805bd1b68ecf876605ce632e932fe54510c",
    "https://deno.land/std@0.184.0/path/posix.ts": "8b7c67ac338714b30c816079303d0285dd24af6b284f7ad63da5b27372a2c94d",
    "https://deno.land/std@0.184.0/path/separator.ts": "0fb679739d0d1d7bf45b68dacfb4ec7563597a902edbaf3c59b50d5bcadd93b1",
    "https://deno.land/std@0.184.0/path/win32.ts": "d186344e5583bcbf8b18af416d13d82b35a317116e6460a5a3953508c3de5bba",
    "https://deno.land/x/importql@v1.0.0/imports/gql.ts": "a66314c77cf3a734d41d2291b4ce637bf28777d190756bcb28b1fdd89add8782",
    "https://deno.land/x/importql@v1.0.0/imports/path.ts": "61dec34cc4a5411e0d10b4bbee75a06109f1393e9ec9037d4a71e0a96652a6b9",
    "https://deno.land/x/importql@v1.0.0/mod.ts": "6c68d00fab6a7aed1716eeb3a3d49e0759d8ae9829cef2709d9d0718c763e2db",
    "https://deno.land/x/polysql@v0.0.9/debug_assert.ts": "4347c653d6030de324f4cf21b1685eb820ddfae6d99ebda5db34dd08caed1d17",
    "https://deno.land/x/polysql@v0.0.9/mod.ts": "f01b7366fa2f2ba77622ba61837e8053f934b18a4ec936298fa5d3bfe66a1930",
    "https://deno.land/x/polysql@v0.0.9/quote.ts": "2576f585fbd3a9cb41bca3fbb94b0cac0fecd7faab424aba9ef4869b1500b168",
    "https://deno.land/x/polysql@v0.0.9/sql.ts": "957ebe50b932aa8fb408d809f8646c56aafd0d06b27a258b3ff9c020208705c6",
    "https://deno.land/x/polysql@v0.0.9/sql_settings.ts": "a6a526221175d6d782022b0a840278989ba7904959f63e137c4a23db502b19ad",
    "https://deno.land/x/polysql@v0.0.9/sql_table.ts": "43bfa7c28d34daf9840d4f7595582aadee5275289b2f4425286fea8b9124e3a9",
    "https://deno.land/x/polysql@v0.0.9/utf8_string_length.ts": "d32e192d4db5d5439dc6c7aca8a13625e22a49e92dd0eee9dfe89df6ae7e2a0a",
    "https://esm.sh/@kodadot1/uniquery@0.3.0-rc.0": "a95c96591130506cfdde6bd726c2213351d9aefc5432a98518a9e1ef27cf7e7e",
    "https://esm.sh/v116/@kodadot1/static@0.0.1/deno/static.mjs": "a30037bdbe20e4223fe26c81da8a6dac357ae93623e69fbf144c7f925b96d810",
    "https://esm.sh/v116/@kodadot1/static@0.0.1/dist/index.d.ts": "f190592d422cc48c0c64fa754837019b5657a2d5723132d9ead3eab8b54e5979",
    "https://esm.sh/v116/@kodadot1/uniquery@0.3.0-rc.0/deno/uniquery.mjs": "dba3a8a62dcaa31b9fd1f4d733477cebe46f349c7802d38db353841b1fd4b435",
    "https://esm.sh/v116/@kodadot1/uniquery@0.3.0-rc.0/dist/index.d.ts": "f352513a393aca2ac3e38935fdce00b746d35556fe1d5292fe4a878207131c5d",
    "https://esm.sh/v116/destr@1.2.2/deno/destr.mjs": "369acbd21c573ceb2420a9999cb954e8642f89d69c13d99b2f720aa531ce656e",
    "https://esm.sh/v116/gql-query-builder@3.8.0/deno/gql-query-builder.mjs": "fd292fea9acca80f052fc6a55a01f9491b9139e05e51712bf58ffc39872dd831",
    "https://esm.sh/v116/ofetch@1.0.1/deno/ofetch.mjs": "5ed97ae2c1ec3d81798d734b6fcdb8a754c2a652708693e6e4c0bebcec783c92",
    "https://esm.sh/v116/ufo@1.1.1/deno/ufo.mjs": "e0a40a9659a22278af7505823d7d280ba39508350c5fd09dee69a74a6ef86d9b"
  }
}
